Microsoft Visual Studio Solution File, Format Version 12.00
# Visual Studio Version 17
VisualStudioVersion = 17.13.35919.96
MinimumVisualStudioVersion = 10.0.40219.1
Project("{FAE04EC0-301F-11D3-BF4B-00C04F79EFBC}") = "WindowsFormsCalc", "WindowsFormsCalc.csproj", "{9F1992EF-1BFD-451E-820B-C62F1BF6B189}"
EndProject
Global
	GlobalSection(SolutionConfigurationPlatforms) = preSolution
		Debug|Any CPU = Debug|Any CPU
		Release|Any CPU = Release|Any CPU
	EndGlobalSection
	GlobalSection(ProjectConfigurationPlatforms) = postSolution
		{9F1992EF-1BFD-451E-820B-C62F1BF6B189}.Debug|Any CPU.ActiveCfg = Debug|Any CPU
		{9F1992EF-1BFD-451E-820B-C62F1BF6B189}.Debug|Any CPU.Build.0 = Debug|Any CPU
		{9F1992EF-1BFD-451E-820B-C62F1BF6B189}.Release|Any CPU.ActiveCfg = Release|Any CPU
		{9F1992EF-1BFD-451E-820B-C62F1BF6B189}.Release|Any CPU.Build.0 = Release|Any CPU
	EndGlobalSection
	GlobalSection(SolutionProperties) = preSolution
		HideSolutionNode = FALSE
	EndGlobalSection
	GlobalSection(ExtensibilityGlobals) = postSolution
		SolutionGuid = {EC80CD3D-C4DD-4BAD-9C87-6568DE7A0AA8}
	EndGlobalSection
EndGlobal
